// !$*UTF8*$!
{
	archiveVersion = 1;
	classes = {
	};
	objectVersion = 48;
	objects = {

/* Begin PBXBuildFile section */
		6755362620FE1862004DC94A /* jpge.cpp in Sources */ = {isa = PBXBuildFile; fileRef = 6755362420FE1861004DC94A /* jpge.cpp */; };
		6755362720FE1862004DC94A /* jpge.h in Headers */ = {isa = PBXBuildFile; fileRef = 6755362520FE1862004DC94A /* jpge.h */; };
		67607B542069322100578F21 /* Util.hpp in Headers */ = {isa = PBXBuildFile; fileRef = 67607B502069322100578F21 /* Util.hpp */; };
		67607B562069322100578F21 /* Util.cpp in Sources */ = {isa = PBXBuildFile; fileRef = 67607B522069322100578F21 /* Util.cpp */; };
		6775E4AA20D1E46200A8C1B1 /* Exception.hpp in Headers */ = {isa = PBXBuildFile; fileRef = 6775E4A820D1E46200A8C1B1 /* Exception.hpp */; };
		6775E4AB20D1E46200A8C1B1 /* Exception.cpp in Sources */ = {isa = PBXBuildFile; fileRef = 6775E4A920D1E46200A8C1B1 /* Exception.cpp */; };
		67D28BE62069408E006B5924 /* iniplus.cpp in Sources */ = {isa = PBXBuildFile; fileRef = 67D28BE42069408E006B5924 /* iniplus.cpp */; };
		67D28BE72069408E006B5924 /* iniplus.hpp in Headers */ = {isa = PBXBuildFile; fileRef = 67D28BE52069408E006B5924 /* iniplus.hpp */; };
		67ECD07D20EC01A10009FE0F /* lzh.hpp in Headers */ = {isa = PBXBuildFile; fileRef = 67ECD07520EC01A00009FE0F /* lzh.hpp */; };
		67ECD07F20EC01A10009FE0F /* lzh.cpp in Sources */ = {isa = PBXBuildFile; fileRef = 67ECD07720EC01A00009FE0F /* lzh.cpp */; };
		67ECD08020EC01A10009FE0F /* graphic.cpp in Sources */ = {isa = PBXBuildFile; fileRef = 67ECD07820EC01A00009FE0F /* graphic.cpp */; };
		67ECD08120EC01A10009FE0F /* graphic.hpp in Headers */ = {isa = PBXBuildFile; fileRef = 67ECD07920EC01A00009FE0F /* graphic.hpp */; };
/* End PBXBuildFile section */

/* Begin PBXFileReference section */
		6755362420FE1861004DC94A /* jpge.cpp */ = {isa = PBXFileReference; fileEncoding = 4; lastKnownFileType = sourcecode.cpp.cpp; path = jpge.cpp; sourceTree = "<group>"; };
		6755362520FE1862004DC94A /* jpge.h */ = {isa = PBXFileReference; fileEncoding = 4; lastKnownFileType = sourcecode.c.h; path = jpge.h; sourceTree = "<group>"; };
		67607B492069310C00578F21 /* libLibSolar++.a */ = {isa = PBXFileReference; explicitFileType = archive.ar; includeInIndex = 0; path = "libLibSolar++.a"; sourceTree = BUILT_PRODUCTS_DIR; };
		67607B502069322100578F21 /* Util.hpp */ = {isa = PBXFileReference; fileEncoding = 4; lastKnownFileType = sourcecode.cpp.h; path = Util.hpp; sourceTree = "<group>"; };
		67607B522069322100578F21 /* Util.cpp */ = {isa = PBXFileReference; fileEncoding = 4; lastKnownFileType = sourcecode.cpp.cpp; path = Util.cpp; sourceTree = "<group>"; };
		6775E4A820D1E46200A8C1B1 /* Exception.hpp */ = {isa = PBXFileReference; fileEncoding = 4; lastKnownFileType = sourcecode.cpp.h; path = Exception.hpp; sourceTree = "<group>"; };
		6775E4A920D1E46200A8C1B1 /* Exception.cpp */ = {isa = PBXFileReference; fileEncoding = 4; lastKnownFileType = sourcecode.cpp.cpp; path = Exception.cpp; sourceTree = "<group>"; };
		6795E601206C20030043F7EE /* LICENSE */ = {isa = PBXFileReference; fileEncoding = 4; lastKnownFileType = text; path = LICENSE; sourceTree = "<group>"; };
		6795E602206C20030043F7EE /* README.md */ = {isa = PBXFileReference; fileEncoding = 4; lastKnownFileType = net.daringfireball.markdown; path = README.md; sourceTree = "<group>"; };
		67D28BE42069408E006B5924 /* iniplus.cpp */ = {isa = PBXFileReference; lastKnownFileType = sourcecode.cpp.cpp; path = iniplus.cpp; sourceTree = "<group>"; };
		67D28BE52069408E006B5924 /* iniplus.hpp */ = {isa = PBXFileReference; lastKnownFileType = sourcecode.cpp.h; path = iniplus.hpp; sourceTree = "<group>"; };
		67ECD07520EC01A00009FE0F /* lzh.hpp */ = {isa = PBXFileReference; fileEncoding = 4; lastKnownFileType = sourcecode.cpp.h; path = lzh.hpp; sourceTree = "<group>"; };
		67ECD07720EC01A00009FE0F /* lzh.cpp */ = {isa = PBXFileReference; fileEncoding = 4; lastKnownFileType = sourcecode.cpp.cpp; path = lzh.cpp; sourceTree = "<group>"; };
		67ECD07820EC01A00009FE0F /* graphic.cpp */ = {isa = PBXFileReference; fileEncoding = 4; lastKnownFileType = sourcecode.cpp.cpp; path = graphic.cpp; sourceTree = "<group>"; };
		67ECD07920EC01A00009FE0F /* graphic.hpp */ = {isa = PBXFileReference; fileEncoding = 4; lastKnownFileType = sourcecode.cpp.h; path = graphic.hpp; sourceTree = "<group>"; };
/* End PBXFileReference section */

/* Begin PBXFrameworksBuildPhase section */
		67607B462069310C00578F21 /* Frameworks */ = {
			isa = PBXFrameworksBuildPhase;
			buildActionMask = 2147483647;
			files = (
			);
			runOnlyForDeploymentPostprocessing = 0;
		};
/* End PBXFrameworksBuildPhase section */

/* Begin PBXGroup section */
		67607B402069310C00578F21 = {
			isa = PBXGroup;
			children = (
				6755362420FE1861004DC94A /* jpge.cpp */,
				6755362520FE1862004DC94A /* jpge.h */,
				67ECD07820EC01A00009FE0F /* graphic.cpp */,
				67ECD07920EC01A00009FE0F /* graphic.hpp */,
				67ECD07720EC01A00009FE0F /* lzh.cpp */,
				67ECD07520EC01A00009FE0F /* lzh.hpp */,
				6775E4A920D1E46200A8C1B1 /* Exception.cpp */,
				6775E4A820D1E46200A8C1B1 /* Exception.hpp */,
				6795E601206C20030043F7EE /* LICENSE */,
				6795E602206C20030043F7EE /* README.md */,
				67D28BE42069408E006B5924 /* iniplus.cpp */,
				67D28BE52069408E006B5924 /* iniplus.hpp */,
				67607B522069322100578F21 /* Util.cpp */,
				67607B502069322100578F21 /* Util.hpp */,
				67607B4A2069310C00578F21 /* Products */,
			);
			sourceTree = "<group>";
		};
		67607B4A2069310C00578F21 /* Products */ = {
			isa = PBXGroup;
			children = (
				67607B492069310C00578F21 /* libLibSolar++.a */,
			);
			name = Products;
			sourceTree = "<group>";
		};
/* End PBXGroup section */

/* Begin PBXHeadersBuildPhase section */
		67607B472069310C00578F21 /* Headers */ = {
			isa = PBXHeadersBuildPhase;
			buildActionMask = 2147483647;
			files = (
				67607B542069322100578F21 /* Util.hpp in Headers */,
				67ECD08120EC01A10009FE0F /* graphic.hpp in Headers */,
				67ECD07D20EC01A10009FE0F /* lzh.hpp in Headers */,
				6755362720FE1862004DC94A /* jpge.h in Headers */,
				6775E4AA20D1E46200A8C1B1 /* Exception.hpp in Headers */,
				67D28BE72069408E006B5924 /* iniplus.hpp in Headers */,
			);
			runOnlyForDeploymentPostprocessing = 0;
		};
/* End PBXHeadersBuildPhase section */

/* Begin PBXNativeTarget section */
		67607B482069310C00578F21 /* LibSolar++ */ = {
			isa = PBXNativeTarget;
			buildConfigurationList = 67607B4D2069310C00578F21 /* Build configuration list for PBXNativeTarget "LibSolar++" */;
			buildPhases = (
				67607B452069310C00578F21 /* Sources */,
				67607B462069310C00578F21 /* Frameworks */,
				67607B472069310C00578F21 /* Headers */,
			);
			buildRules = (
			);
			dependencies = (
			);
			name = "LibSolar++";
			productName = "LibSolar++";
			productReference = 67607B492069310C00578F21 /* libLibSolar++.a */;
			productType = "com.apple.product-type.library.static";
		};
/* End PBXNativeTarget section */

/* Begin PBXProject section */
		67607B412069310C00578F21 /* Project object */ = {
			isa = PBXProject;
			attributes = {
				LastUpgradeCheck = 0940;
				ORGANIZATIONNAME = "GUSTAVO CAMPOS";
				TargetAttributes = {
					67607B482069310C00578F21 = {
						CreatedOnToolsVersion = 9.2;
						ProvisioningStyle = Automatic;
					};
				};
			};
			buildConfigurationList = 67607B442069310C00578F21 /* Build configuration list for PBXProject "LibSolar++" */;
			compatibilityVersion = "Xcode 8.0";
			developmentRegion = en;
			hasScannedForEncodings = 0;
			knownRegions = (
				en,
			);
			mainGroup = 67607B402069310C00578F21;
			productRefGroup = 67607B4A2069310C00578F21 /* Products */;
			projectDirPath = "";
			projectRoot = "";
			targets = (
				67607B482069310C00578F21 /* LibSolar++ */,
			);
		};
/* End PBXProject section */

/* Begin PBXSourcesBuildPhase section */
		67607B452069310C00578F21 /* Sources */ = {
			isa = PBXSourcesBuildPhase;
			buildActionMask = 2147483647;
			files = (
				67ECD07F20EC01A10009FE0F /* lzh.cpp in Sources */,
				67607B562069322100578F21 /* Util.cpp in Sources */,
				6775E4AB20D1E46200A8C1B1 /* Exception.cpp in Sources */,
				67ECD08020EC01A10009FE0F /* graphic.cpp in Sources */,
				67D28BE62069408E006B5924 /* iniplus.cpp in Sources */,
				6755362620FE1862004DC94A /* jpge.cpp in Sources */,
			);
			runOnlyForDeploymentPostprocessing = 0;
		};
/* End PBXSourcesBuildPhase section */

/* Begin XCBuildConfiguration section */
		67607B4B2069310C00578F21 /* Debug */ = {
			isa = XCBuildConfiguration;
			buildSettings = {
				ALWAYS_SEARCH_USER_PATHS = NO;
				CLANG_ANALYZER_NONNULL = YES;
				CLANG_ANALYZER_NUMBER_OBJECT_CONVERSION = YES_AGGRESSIVE;
				CLANG_CXX_LANGUAGE_STANDARD = "gnu++14";
				CLANG_CXX_LIBRARY = "libc++";
				CLANG_ENABLE_MODULES = YES;
				CLANG_ENABLE_OBJC_ARC = YES;
				CLANG_WARN_BLOCK_CAPTURE_AUTORELEASING = YES;
				CLANG_WARN_BOOL_CONVERSION = YES;
				CLANG_WARN_COMMA = YES;
				CLANG_WARN_CONSTANT_CONVERSION = YES;
				CLANG_WARN_DEPRECATED_OBJC_IMPLEMENTATIONS = YES;
				CLANG_WARN_DIRECT_OBJC_ISA_USAGE = YES_ERROR;
				CLANG_WARN_DOCUMENTATION_COMMENTS = YES;
				CLANG_WARN_EMPTY_BODY = YES;
				CLANG_WARN_ENUM_CONVERSION = YES;
				CLANG_WARN_INFINITE_RECURSION = YES;
				CLANG_WARN_INT_CONVERSION = YES;
				CLANG_WARN_NON_LITERAL_NULL_CONVERSION = YES;
				CLANG_WARN_OBJC_IMPLICIT_RETAIN_SELF = YES;
				CLANG_WARN_OBJC_LITERAL_CONVERSION = YES;
				CLANG_WARN_OBJC_ROOT_CLASS = YES_ERROR;
				CLANG_WARN_RANGE_LOOP_ANALYSIS = YES;
				CLANG_WARN_STRICT_PROTOTYPES = YES;
				CLANG_WARN_SUSPICIOUS_MOVE = YES;
				CLANG_WARN_UNGUARDED_AVAILABILITY = YES_AGGRESSIVE;
				CLANG_WARN_UNREACHABLE_CODE = YES;
				CLANG_WARN__DUPLICATE_METHOD_MATCH = YES;
				CODE_SIGN_IDENTITY = "-";
				COPY_PHASE_STRIP = NO;
				DEBUG_INFORMATION_FORMAT = dwarf;
				ENABLE_STRICT_OBJC_MSGSEND = YES;
				ENABLE_TESTABILITY = YES;
				GCC_C_LANGUAGE_STANDARD = gnu11;
				GCC_DYNAMIC_NO_PIC = YES;
				GCC_NO_COMMON_BLOCKS = YES;
				GCC_OPTIMIZATION_LEVEL = 0;
				GCC_PREPROCESSOR_DEFINITIONS = (
					"DEBUG=1",
					"$(inherited)",
				);
				GCC_WARN_64_TO_32_BIT_CONVERSION = YES;
				GCC_WARN_ABOUT_RETURN_TYPE = YES_ERROR;
				GCC_WARN_UNDECLARED_SELECTOR = YES;
				GCC_WARN_UNINITIALIZED_AUTOS = YES_AGGRESSIVE;
				GCC_WARN_UNUSED_FUNCTION = YES;
				GCC_WARN_UNUSED_VARIABLE = YES;
				MACOSX_DEPLOYMENT_TARGET = 10.13;
				MTL_ENABLE_DEBUG_INFO = YES;
				ONLY_ACTIVE_ARCH = YES;
				SDKROOT = macosx;
			};
			name = Debug;
		};
		67607B4C2069310C00578F21 /* Release */ = {
			isa = XCBuildConfiguration;
			buildSettings = {
				ALWAYS_SEARCH_USER_PATHS = NO;
				CLANG_ANALYZER_NONNULL = YES;
				CLANG_ANALYZER_NUMBER_OBJECT_CONVERSION = YES_AGGRESSIVE;
				CLANG_CXX_LANGUAGE_STANDARD = "gnu++14";
				CLANG_CXX_LIBRARY = "libc++";
				CLANG_ENABLE_MODULES = YES;
				CLANG_ENABLE_OBJC_ARC = YES;
				CLANG_WARN_BLOCK_CAPTURE_AUTORELEASING = YES;
				CLANG_WARN_BOOL_CONVERSION = YES;
				CLANG_WARN_COMMA = YES;
				CLANG_WARN_CONSTANT_CONVERSION = YES;
				CLANG_WARN_DEPRECATED_OBJC_IMPLEMENTATIONS = YES;
				CLANG_WARN_DIRECT_OBJC_ISA_USAGE = YES_ERROR;
				CLANG_WARN_DOCUMENTATION_COMMENTS = YES;
				CLANG_WARN_EMPTY_BODY = YES;
				CLANG_WARN_ENUM_CONVERSION = YES;
				CLANG_WARN_INFINITE_RECURSION = YES;
				CLANG_WARN_INT_CONVERSION = YES;
				CLANG_WARN_NON_LITERAL_NULL_CONVERSION = YES;
				CLANG_WARN_OBJC_IMPLICIT_RETAIN_SELF = YES;
				CLANG_WARN_OBJC_LITERAL_CONVERSION = YES;
				CLANG_WARN_OBJC_ROOT_CLASS = YES_ERROR;
				CLANG_WARN_RANGE_LOOP_ANALYSIS = YES;
				CLANG_WARN_STRICT_PROTOTYPES = YES;
				CLANG_WARN_SUSPICIOUS_MOVE = YES;
				CLANG_WARN_UNGUARDED_AVAILABILITY = YES_AGGRESSIVE;
				CLANG_WARN_UNREACHABLE_CODE = YES;
				CLANG_WARN__DUPLICATE_METHOD_MATCH = YES;
				CODE_SIGN_IDENTITY = "-";
				COPY_PHASE_STRIP = NO;
				DEBUG_INFORMATION_FORMAT = "dwarf-with-dsym";
				ENABLE_NS_ASSERTIONS = NO;
				ENABLE_STRICT_OBJC_MSGSEND = YES;
				GCC_C_LANGUAGE_STANDARD = gnu11;
				GCC_DYNAMIC_NO_PIC = YES;
				GCC_NO_COMMON_BLOCKS = YES;
				GCC_WARN_64_TO_32_BIT_CONVERSION = YES;
				GCC_WARN_ABOUT_RETURN_TYPE = YES_ERROR;
				GCC_WARN_UNDECLARED_SELECTOR = YES;
				GCC_WARN_UNINITIALIZED_AUTOS = YES_AGGRESSIVE;
				GCC_WARN_UNUSED_FUNCTION = YES;
				GCC_WARN_UNUSED_VARIABLE = YES;
				MACOSX_DEPLOYMENT_TARGET = 10.13;
				MTL_ENABLE_DEBUG_INFO = NO;
				SDKROOT = macosx;
			};
			name = Release;
		};
		67607B4E2069310C00578F21 /* Debug */ = {
			isa = XCBuildConfiguration;
			buildSettings = {
				CLANG_CXX_LANGUAGE_STANDARD = "gnu++0x";
				CLANG_CXX_LIBRARY = "libc++";
				CODE_SIGN_STYLE = Automatic;
				EXECUTABLE_PREFIX = lib;
				"OTHER_CPLUSPLUSFLAGS[arch=*]" = (
					"$(OTHER_CFLAGS)",
					"-D_DEBUG",
				);
				PRODUCT_NAME = "$(TARGET_NAME)";
			};
			name = Debug;
		};
		67607B4F2069310C00578F21 /* Release */ = {
			isa = XCBuildConfiguration;
			buildSettings = {
				CLANG_CXX_LANGUAGE_STANDARD = "gnu++0x";
				CLANG_CXX_LIBRARY = "libc++";
				CODE_SIGN_STYLE = Automatic;
				EXECUTABLE_PREFIX = lib;
				PRODUCT_NAME = "$(TARGET_NAME)";
			};
			name = Release;
		};
/* End XCBuildConfiguration section */

/* Begin XCConfigurationList section */
		67607B442069310C00578F21 /* Build configuration list for PBXProject "LibSolar++" */ = {
			isa = XCConfigurationList;
			buildConfigurations = (
				67607B4B2069310C00578F21 /* Debug */,
				67607B4C2069310C00578F21 /* Release */,
			);
			defaultConfigurationIsVisible = 0;
			defaultConfigurationName = Release;
		};
		67607B4D2069310C00578F21 /* Build configuration list for PBXNativeTarget "LibSolar++" */ = {
			isa = XCConfigurationList;
			buildConfigurations = (
				67607B4E2069310C00578F21 /* Debug */,
				67607B4F2069310C00578F21 /* Release */,
			);
			defaultConfigurationIsVisible = 0;
			defaultConfigurationName = Release;
		};
/* End XCConfigurationList section */
	};
	rootObject = 67607B412069310C00578F21 /* Project object */;
}
